
Microsoft Visual Studio Solution File, Format Version 10.00
# Visual Studio 2008
Project("{FAE04EC0-301F-11D3-BF4B-00C04F79EFBC}") = "ScreenManager", "ScreenManager\ScreenManager.csproj", "{BB46160D-93AF-477E-AB42-A7E82EC0591A}"
EndProject
Global
	GlobalSection(SolutionConfigurationPlatforms) = preSolution
		Debug|Any CPU = Debug|Any CPU
		Release|Any CPU = Release|Any CPU
	EndGlobalSection
	GlobalSection(ProjectConfigurationPlatforms) = postSolution
		{BB46160D-93AF-477E-AB42-A7E82EC0591A}.Debug|Any CPU.ActiveCfg = Debug|Any CPU
		{BB46160D-93AF-477E-AB42-A7E82EC0591A}.Debug|Any CPU.Build.0 = Debug|Any CPU
		{BB46160D-93AF-477E-AB42-A7E82EC0591A}.Release|Any CPU.ActiveCfg = Release|Any CPU
		{BB46160D-93AF-477E-AB42-A7E82EC0591A}.Release|Any CPU.Build.0 = Release|Any CPU
	EndGlobalSection
	GlobalSection(SolutionProperties) = preSolution
		HideSolutionNode = FALSE
	EndGlobalSection
EndGlobal
